// !$*UTF8*$!
{
	archiveVersion = 1;
	classes = {
	};
	objectVersion = 55;
	objects = {

/* Begin PBXBuildFile section */
		067D690828BE773200064D81 /* AppDelegate.swift in Sources */ = {isa = PBXBuildFile; fileRef = 067D690728BE773200064D81 /* AppDelegate.swift */; };
		067D690A28BE773200064D81 /* SceneDelegate.swift in Sources */ = {isa = PBXBuildFile; fileRef = 067D690928BE773200064D81 /* SceneDelegate.swift */; };
		067D690C28BE773200064D81 /* ViewController.swift in Sources */ = {isa = PBXBuildFile; fileRef = 067D690B28BE773200064D81 /* ViewController.swift */; };
		067D690F28BE773200064D81 /* Main.storyboard in Resources */ = {isa = PBXBuildFile; fileRef = 067D690D28BE773200064D81 /* Main.storyboard */; };
		067D691128BE773300064D81 /* Assets.xcassets in Resources */ = {isa = PBXBuildFile; fileRef = 067D691028BE773300064D81 /* Assets.xcassets */; };
		067D691428BE773300064D81 /* LaunchScreen.storyboard in Resources */ = {isa = PBXBuildFile; fileRef = 067D691228BE773300064D81 /* LaunchScreen.storyboard */; };
		067D691C28BE7B1300064D81 /* CovidDetailViewController.swift in Sources */ = {isa = PBXBuildFile; fileRef = 067D691B28BE7B1300064D81 /* CovidDetailViewController.swift */; };
		067D691E28BE7E0A00064D81 /* CityCovidOverView.swift in Sources */ = {isa = PBXBuildFile; fileRef = 067D691D28BE7E0A00064D81 /* CityCovidOverView.swift */; };
		9AFE20AE1EEFF8D4E2673743 /* Pods_Covid19.framework in Frameworks */ = {isa = PBXBuildFile; fileRef = 5D9C9C84717EE44E813E9246 /* Pods_Covid19.framework */; };
/* End PBXBuildFile section */

/* Begin PBXFileReference section */
		067D690428BE773200064D81 /* Covid19.app */ = {isa = PBXFileReference; explicitFileType = wrapper.application; includeInIndex = 0; path = Covid19.app; sourceTree = BUILT_PRODUCTS_DIR; };
		067D690728BE773200064D81 /* AppDelegate.swift */ = {isa = PBXFileReference; lastKnownFileType = sourcecode.swift; path = AppDelegate.swift; sourceTree = "<group>"; };
		067D690928BE773200064D81 /* SceneDelegate.swift */ = {isa = PBXFileReference; lastKnownFileType = sourcecode.swift; path = SceneDelegate.swift; sourceTree = "<group>"; };
		067D690B28BE773200064D81 /* ViewController.swift */ = {isa = PBXFileReference; lastKnownFileType = sourcecode.swift; path = ViewController.swift; sourceTree = "<group>"; };
		067D690E28BE773200064D81 /* Base */ = {isa = PBXFileReference; lastKnownFileType = file.storyboard; name = Base; path = Base.lproj/Main.storyboard; sourceTree = "<group>"; };
		067D691028BE773300064D81 /* Assets.xcassets */ = {isa = PBXFileReference; lastKnownFileType = folder.assetcatalog; path = Assets.xcassets; sourceTree = "<group>"; };
		067D691328BE773300064D81 /* Base */ = {isa = PBXFileReference; lastKnownFileType = file.storyboard; name = Base; path = Base.lproj/LaunchScreen.storyboard; sourceTree = "<group>"; };
		067D691528BE773300064D81 /* Info.plist */ = {isa = PBXFileReference; lastKnownFileType = text.plist.xml; path = Info.plist; sourceTree = "<group>"; };
		067D691B28BE7B1300064D81 /* CovidDetailViewController.swift */ = {isa = PBXFileReference; lastKnownFileType = sourcecode.swift; path = CovidDetailViewController.swift; sourceTree = "<group>"; };
		067D691D28BE7E0A00064D81 /* CityCovidOverView.swift */ = {isa = PBXFileReference; lastKnownFileType = sourcecode.swift; path = CityCovidOverView.swift; sourceTree = "<group>"; };
		4779B01C248D2D011E7721D9 /* Pods-Covid19.debug.xcconfig */ = {isa = PBXFileReference; includeInIndex = 1; lastKnownFileType = text.xcconfig; name = "Pods-Covid19.debug.xcconfig"; path = "Target Support Files/Pods-Covid19/Pods-Covid19.debug.xcconfig"; sourceTree = "<group>"; };
		5D9C9C84717EE44E813E9246 /* Pods_Covid19.framework */ = {isa = PBXFileReference; explicitFileType = wrapper.framework; includeInIndex = 0; path = Pods_Covid19.framework; sourceTree = BUILT_PRODUCTS_DIR; };
		EE358DA90780A578418AEB09 /* Pods-Covid19.release.xcconfig */ = {isa = PBXFileReference; includeInIndex = 1; lastKnownFileType = text.xcconfig; name = "Pods-Covid19.release.xcconfig"; path = "Target Support Files/Pods-Covid19/Pods-Covid19.release.xcconfig"; sourceTree = "<group>"; };
/* End PBXFileReference section */

/* Begin PBXFrameworksBuildPhase section */
		067D690128BE773200064D81 /* Frameworks */ = {
			isa = PBXFrameworksBuildPhase;
			buildActionMask = 2147483647;
			files = (
				9AFE20AE1EEFF8D4E2673743 /* Pods_Covid19.framework in Frameworks */,
			);
			runOnlyForDeploymentPostprocessing = 0;
		};
/* End PBXFrameworksBuildPhase section */

/* Begin PBXGroup section */
		067D68FB28BE773200064D81 = {
			isa = PBXGroup;
			children = (
				067D690628BE773200064D81 /* Covid19 */,
				067D690528BE773200064D81 /* Products */,
				C25A3D05E75E8CD2219EEDB7 /* Pods */,
				640BA90E0B8A445E47D7BB0E /* Frameworks */,
			);
			sourceTree = "<group>";
		};
		067D690528BE773200064D81 /* Products */ = {
			isa = PBXGroup;
			children = (
				067D690428BE773200064D81 /* Covid19.app */,
			);
			name = Products;
			sourceTree = "<group>";
		};
		067D690628BE773200064D81 /* Covid19 */ = {
			isa = PBXGroup;
			children = (
				067D690728BE773200064D81 /* AppDelegate.swift */,
				067D690928BE773200064D81 /* SceneDelegate.swift */,
				067D690B28BE773200064D81 /* ViewController.swift */,
				067D690D28BE773200064D81 /* Main.storyboard */,
				067D691028BE773300064D81 /* Assets.xcassets */,
				067D691228BE773300064D81 /* LaunchScreen.storyboard */,
				067D691528BE773300064D81 /* Info.plist */,
				067D691B28BE7B1300064D81 /* CovidDetailViewController.swift */,
				067D691D28BE7E0A00064D81 /* CityCovidOverView.swift */,
			);
			path = Covid19;
			sourceTree = "<group>";
		};
		640BA90E0B8A445E47D7BB0E /* Frameworks */ = {
			isa = PBXGroup;
			children = (
				5D9C9C84717EE44E813E9246 /* Pods_Covid19.framework */,
			);
			name = Frameworks;
			sourceTree = "<group>";
		};
		C25A3D05E75E8CD2219EEDB7 /* Pods */ = {
			isa = PBXGroup;
			children = (
				4779B01C248D2D011E7721D9 /* Pods-Covid19.debug.xcconfig */,
				EE358DA90780A578418AEB09 /* Pods-Covid19.release.xcconfig */,
			);
			path = Pods;
			sourceTree = "<group>";
		};
/* End PBXGroup section */

/* Begin PBXNativeTarget section */
		067D690328BE773200064D81 /* Covid19 */ = {
			isa = PBXNativeTarget;
			buildConfigurationList = 067D691828BE773300064D81 /* Build configuration list for PBXNativeTarget "Covid19" */;
			buildPhases = (
				BEACD7AE740150961F3050FE /* [CP] Check Pods Manifest.lock */,
				067D690028BE773200064D81 /* Sources */,
				067D690128BE773200064D81 /* Frameworks */,
				067D690228BE773200064D81 /* Resources */,
				BB5546A47AD0FDB934339D61 /* [CP] Embed Pods Frameworks */,
			);
			buildRules = (
			);
			dependencies = (
			);
			name = Covid19;
			productName = Covid19;
			productReference = 067D690428BE773200064D81 /* Covid19.app */;
			productType = "com.apple.product-type.application";
		};
/* End PBXNativeTarget section */

/* Begin PBXProject section */
		067D68FC28BE773200064D81 /* Project object */ = {
			isa = PBXProject;
			attributes = {
				BuildIndependentTargetsInParallel = 1;
				LastSwiftUpdateCheck = 1340;
				LastUpgradeCheck = 1340;
				TargetAttributes = {
					067D690328BE773200064D81 = {
						CreatedOnToolsVersion = 13.4.1;
					};
				};
			};
			buildConfigurationList = 067D68FF28BE773200064D81 /* Build configuration list for PBXProject "Covid19" */;
			compatibilityVersion = "Xcode 13.0";
			developmentRegion = en;
			hasScannedForEncodings = 0;
			knownRegions = (
				en,
				Base,
			);
			mainGroup = 067D68FB28BE773200064D81;
			productRefGroup = 067D690528BE773200064D81 /* Products */;
			projectDirPath = "";
			projectRoot = "";
			targets = (
				067D690328BE773200064D81 /* Covid19 */,
			);
		};
/* End PBXProject section */

/* Begin PBXResourcesBuildPhase section */
		067D690228BE773200064D81 /* Resources */ = {
			isa = PBXResourcesBuildPhase;
			buildActionMask = 2147483647;
			files = (
				067D691428BE773300064D81 /* LaunchScreen.storyboard in Resources */,
				067D691128BE773300064D81 /* Assets.xcassets in Resources */,
				067D690F28BE773200064D81 /* Main.storyboard in Resources */,
			);
			runOnlyForDeploymentPostprocessing = 0;
		};
/* End PBXResourcesBuildPhase section */

/* Begin PBXShellScriptBuildPhase section */
		BB5546A47AD0FDB934339D61 /* [CP] Embed Pods Frameworks */ = {
			isa = PBXShellScriptBuildPhase;
			buildActionMask = 2147483647;
			files = (
			);
			inputFileListPaths = (
				"${PODS_ROOT}/Target Support Files/Pods-Covid19/Pods-Covid19-frameworks-${CONFIGURATION}-input-files.xcfilelist",
			);
			name = "[CP] Embed Pods Frameworks";
			outputFileListPaths = (
				"${PODS_ROOT}/Target Support Files/Pods-Covid19/Pods-Covid19-frameworks-${CONFIGURATION}-output-files.xcfilelist",
			);
			runOnlyForDeploymentPostprocessing = 0;
			shellPath = /bin/sh;
			shellScript = "\"${PODS_ROOT}/Target Support Files/Pods-Covid19/Pods-Covid19-frameworks.sh\"\n";
			showEnvVarsInLog = 0;
		};
		BEACD7AE740150961F3050FE /* [CP] Check Pods Manifest.lock */ = {
			isa = PBXShellScriptBuildPhase;
			buildActionMask = 2147483647;
			files = (
			);
			inputFileListPaths = (
			);
			inputPaths = (
				"${PODS_PODFILE_DIR_PATH}/Podfile.lock",
				"${PODS_ROOT}/Manifest.lock",
			);
			name = "[CP] Check Pods Manifest.lock";
			outputFileListPaths = (
			);
			outputPaths = (
				"$(DERIVED_FILE_DIR)/Pods-Covid19-checkManifestLockResult.txt",
			);
			runOnlyForDeploymentPostprocessing = 0;
			shellPath = /bin/sh;
			shellScript = "diff \"${PODS_PODFILE_DIR_PATH}/Podfile.lock\" \"${PODS_ROOT}/Manifest.lock\" > /dev/null\nif [ $? != 0 ] ; then\n    # print error to STDERR\n    echo \"error: The sandbox is not in sync with the Podfile.lock. Run 'pod install' or update your CocoaPods installation.\" >&2\n    exit 1\nfi\n# This output is used by Xcode 'outputs' to avoid re-running this script phase.\necho \"SUCCESS\" > \"${SCRIPT_OUTPUT_FILE_0}\"\n";
			showEnvVarsInLog = 0;
		};
/* End PBXShellScriptBuildPhase section */

/* Begin PBXSourcesBuildPhase section */
		067D690028BE773200064D81 /* Sources */ = {
			isa = PBXSourcesBuildPhase;
			buildActionMask = 2147483647;
			files = (
				067D690C28BE773200064D81 /* ViewController.swift in Sources */,
				067D691C28BE7B1300064D81 /* CovidDetailViewController.swift in Sources */,
				067D691E28BE7E0A00064D81 /* CityCovidOverView.swift in Sources */,
				067D690828BE773200064D81 /* AppDelegate.swift in Sources */,
				067D690A28BE773200064D81 /* SceneDelegate.swift in Sources */,
			);
			runOnlyForDeploymentPostprocessing = 0;
		};
/* End PBXSourcesBuildPhase section */

/* Begin PBXVariantGroup section */
		067D690D28BE773200064D81 /* Main.storyboard */ = {
			isa = PBXVariantGroup;
			children = (
				067D690E28BE773200064D81 /* Base */,
			);
			name = Main.storyboard;
			sourceTree = "<group>";
		};
		067D691228BE773300064D81 /* LaunchScreen.storyboard */ = {
			isa = PBXVariantGroup;
			children = (
				067D691328BE773300064D81 /* Base */,
			);
			name = LaunchScreen.storyboard;
			sourceTree = "<group>";
		};
/* End PBXVariantGroup section */

/* Begin XCBuildConfiguration section */
		067D691628BE773300064D81 /* Debug */ = {
			isa = XCBuildConfiguration;
			buildSettings = {
				ALWAYS_SEARCH_USER_PATHS = NO;
				CLANG_ANALYZER_NONNULL = YES;
				CLANG_ANALYZER_NUMBER_OBJECT_CONVERSION = YES_AGGRESSIVE;
				CLANG_CXX_LANGUAGE_STANDARD = "gnu++17";
				CLANG_ENABLE_MODULES = YES;
				CLANG_ENABLE_OBJC_ARC = YES;
				CLANG_ENABLE_OBJC_WEAK = YES;
				CLANG_WARN_BLOCK_CAPTURE_AUTORELEASING = YES;
				CLANG_WARN_BOOL_CONVERSION = YES;
				CLANG_WARN_COMMA = YES;
				CLANG_WARN_CONSTANT_CONVERSION = YES;
				CLANG_WARN_DEPRECATED_OBJC_IMPLEMENTATIONS = YES;
				CLANG_WARN_DIRECT_OBJC_ISA_USAGE = YES_ERROR;
				CLANG_WARN_DOCUMENTATION_COMMENTS = YES;
				CLANG_WARN_EMPTY_BODY = YES;
				CLANG_WARN_ENUM_CONVERSION = YES;
				CLANG_WARN_INFINITE_RECURSION = YES;
				CLANG_WARN_INT_CONVERSION = YES;
				CLANG_WARN_NON_LITERAL_NULL_CONVERSION = YES;
				CLANG_WARN_OBJC_IMPLICIT_RETAIN_SELF = YES;
				CLANG_WARN_OBJC_LITERAL_CONVERSION = YES;
				CLANG_WARN_OBJC_ROOT_CLASS = YES_ERROR;
				CLANG_WARN_QUOTED_INCLUDE_IN_FRAMEWORK_HEADER = YES;
				CLANG_WARN_RANGE_LOOP_ANALYSIS = YES;
				CLANG_WARN_STRICT_PROTOTYPES = YES;
				CLANG_WARN_SUSPICIOUS_MOVE = YES;
				CLANG_WARN_UNGUARDED_AVAILABILITY = YES_AGGRESSIVE;
				CLANG_WARN_UNREACHABLE_CODE = YES;
				CLANG_WARN__DUPLICATE_METHOD_MATCH = YES;
				COPY_PHASE_STRIP = NO;
				DEBUG_INFORMATION_FORMAT = dwarf;
				ENABLE_STRICT_OBJC_MSGSEND = YES;
				ENABLE_TESTABILITY = YES;
				GCC_C_LANGUAGE_STANDARD = gnu11;
				GCC_DYNAMIC_NO_PIC = NO;
				GCC_NO_COMMON_BLOCKS = YES;
				GCC_OPTIMIZATION_LEVEL = 0;
				GCC_PREPROCESSOR_DEFINITIONS = (
					"DEBUG=1",
					"$(inherited)",
				);
				GCC_WARN_64_TO_32_BIT_CONVERSION = YES;
				GCC_WARN_ABOUT_RETURN_TYPE = YES_ERROR;
				GCC_WARN_UNDECLARED_SELECTOR = YES;
				GCC_WARN_UNINITIALIZED_AUTOS = YES_AGGRESSIVE;
				GCC_WARN_UNUSED_FUNCTION = YES;
				GCC_WARN_UNUSED_VARIABLE = YES;
				IPHONEOS_DEPLOYMENT_TARGET = 15.5;
				MTL_ENABLE_DEBUG_INFO = INCLUDE_SOURCE;
				MTL_FAST_MATH = YES;
				ONLY_ACTIVE_ARCH = YES;
				SDKROOT = iphoneos;
				SWIFT_ACTIVE_COMPILATION_CONDITIONS = DEBUG;
				SWIFT_OPTIMIZATION_LEVEL = "-Onone";
			};
			name = Debug;
		};
		067D691728BE773300064D81 /* Release */ = {
			isa = XCBuildConfiguration;
			buildSettings = {
				ALWAYS_SEARCH_USER_PATHS = NO;
				CLANG_ANALYZER_NONNULL = YES;
				CLANG_ANALYZER_NUMBER_OBJECT_CONVERSION = YES_AGGRESSIVE;
				CLANG_CXX_LANGUAGE_STANDARD = "gnu++17";
				CLANG_ENABLE_MODULES = YES;
				CLANG_ENABLE_OBJC_ARC = YES;
				CLANG_ENABLE_OBJC_WEAK = YES;
				CLANG_WARN_BLOCK_CAPTURE_AUTORELEASING = YES;
				CLANG_WARN_BOOL_CONVERSION = YES;
				CLANG_WARN_COMMA = YES;
				CLANG_WARN_CONSTANT_CONVERSION = YES;
				CLANG_WARN_DEPRECATED_OBJC_IMPLEMENTATIONS = YES;
				CLANG_WARN_DIRECT_OBJC_ISA_USAGE = YES_ERROR;
				CLANG_WARN_DOCUMENTATION_COMMENTS = YES;
				CLANG_WARN_EMPTY_BODY = YES;
				CLANG_WARN_ENUM_CONVERSION = YES;
				CLANG_WARN_INFINITE_RECURSION = YES;
				CLANG_WARN_INT_CONVERSION = YES;
				CLANG_WARN_NON_LITERAL_NULL_CONVERSION = YES;
				CLANG_WARN_OBJC_IMPLICIT_RETAIN_SELF = YES;
				CLANG_WARN_OBJC_LITERAL_CONVERSION = YES;
				CLANG_WARN_OBJC_ROOT_CLASS = YES_ERROR;
				CLANG_WARN_QUOTED_INCLUDE_IN_FRAMEWORK_HEADER = YES;
				CLANG_WARN_RANGE_LOOP_ANALYSIS = YES;
				CLANG_WARN_STRICT_PROTOTYPES = YES;
				CLANG_WARN_SUSPICIOUS_MOVE = YES;
				CLANG_WARN_UNGUARDED_AVAILABILITY = YES_AGGRESSIVE;
				CLANG_WARN_UNREACHABLE_CODE = YES;
				CLANG_WARN__DUPLICATE_METHOD_MATCH = YES;
				COPY_PHASE_STRIP = NO;
				DEBUG_INFORMATION_FORMAT = "dwarf-with-dsym";
				ENABLE_NS_ASSERTIONS = NO;
				ENABLE_STRICT_OBJC_MSGSEND = YES;
				GCC_C_LANGUAGE_STANDARD = gnu11;
				GCC_NO_COMMON_BLOCKS = YES;
				GCC_WARN_64_TO_32_BIT_CONVERSION = YES;
				GCC_WARN_ABOUT_RETURN_TYPE = YES_ERROR;
				GCC_WARN_UNDECLARED_SELECTOR = YES;
				GCC_WARN_UNINITIALIZED_AUTOS = YES_AGGRESSIVE;
				GCC_WARN_UNUSED_FUNCTION = YES;
				GCC_WARN_UNUSED_VARIABLE = YES;
				IPHONEOS_DEPLOYMENT_TARGET = 15.5;
				MTL_ENABLE_DEBUG_INFO = NO;
				MTL_FAST_MATH = YES;
				SDKROOT = iphoneos;
				SWIFT_COMPILATION_MODE = wholemodule;
				SWIFT_OPTIMIZATION_LEVEL = "-O";
				VALIDATE_PRODUCT = YES;
			};
			name = Release;
		};
		067D691928BE773300064D81 /* Debug */ = {
			isa = XCBuildConfiguration;
			baseConfigurationReference = 4779B01C248D2D011E7721D9 /* Pods-Covid19.debug.xcconfig */;
			buildSettings = {
				ASSETCATALOG_COMPILER_APPICON_NAME = AppIcon;
				ASSETCATALOG_COMPILER_GLOBAL_ACCENT_COLOR_NAME = AccentColor;
				CODE_SIGN_STYLE = Automatic;
				CURRENT_PROJECT_VERSION = 1;
				DEVELOPMENT_TEAM = 989P72HFBW;
				GENERATE_INFOPLIST_FILE = YES;
				INFOPLIST_FILE = Covid19/Info.plist;
				INFOPLIST_KEY_UIApplicationSupportsIndirectInputEvents = YES;
				INFOPLIST_KEY_UILaunchStoryboardName = LaunchScreen;
				INFOPLIST_KEY_UIMainStoryboardFile = Main;
				INFOPLIST_KEY_UISupportedInterfaceOrientations_iPad = "UIInterfaceOrientationPortrait UIInterfaceOrientationPortraitUpsideDown UIInterfaceOrientationLandscapeLeft UIInterfaceOrientationLandscapeRight";
				INFOPLIST_KEY_UISupportedInterfaceOrientations_iPhone = "UIInterfaceOrientationPortrait UIInterfaceOrientationLandscapeLeft UIInterfaceOrientationLandscapeRight";
				LD_RUNPATH_SEARCH_PATHS = (
					"$(inherited)",
					"@executable_path/Frameworks",
				);
				MARKETING_VERSION = 1.0;
				PRODUCT_BUNDLE_IDENTIFIER = y3sung.Covid19;
				PRODUCT_NAME = "$(TARGET_NAME)";
				SWIFT_EMIT_LOC_STRINGS = YES;
				SWIFT_VERSION = 5.0;
				TARGETED_DEVICE_FAMILY = "1,2";
			};
			name = Debug;
		};
		067D691A28BE773300064D81 /* Release */ = {
			isa = XCBuildConfiguration;
			baseConfigurationReference = EE358DA90780A578418AEB09 /* Pods-Covid19.release.xcconfig */;
			buildSettings = {
				ASSETCATALOG_COMPILER_APPICON_NAME = AppIcon;
				ASSETCATALOG_COMPILER_GLOBAL_ACCENT_COLOR_NAME = AccentColor;
				CODE_SIGN_STYLE = Automatic;
				CURRENT_PROJECT_VERSION = 1;
				DEVELOPMENT_TEAM = 989P72HFBW;
				GENERATE_INFOPLIST_FILE = YES;
				INFOPLIST_FILE = Covid19/Info.plist;
				INFOPLIST_KEY_UIApplicationSupportsIndirectInputEvents = YES;
				INFOPLIST_KEY_UILaunchStoryboardName = LaunchScreen;
				INFOPLIST_KEY_UIMainStoryboardFile = Main;
				INFOPLIST_KEY_UISupportedInterfaceOrientations_iPad = "UIInterfaceOrientationPortrait UIInterfaceOrientationPortraitUpsideDown UIInterfaceOrientationLandscapeLeft UIInterfaceOrientationLandscapeRight";
				INFOPLIST_KEY_UISupportedInterfaceOrientations_iPhone = "UIInterfaceOrientationPortrait UIInterfaceOrientationLandscapeLeft UIInterfaceOrientationLandscapeRight";
				LD_RUNPATH_SEARCH_PATHS = (
					"$(inherited)",
					"@executable_path/Frameworks",
				);
				MARKETING_VERSION = 1.0;
				PRODUCT_BUNDLE_IDENTIFIER = y3sung.Covid19;
				PRODUCT_NAME = "$(TARGET_NAME)";
				SWIFT_EMIT_LOC_STRINGS = YES;
				SWIFT_VERSION = 5.0;
				TARGETED_DEVICE_FAMILY = "1,2";
			};
			name = Release;
		};
/* End XCBuildConfiguration section */

/* Begin XCConfigurationList section */
		067D68FF28BE773200064D81 /* Build configuration list for PBXProject "Covid19" */ = {
			isa = XCConfigurationList;
			buildConfigurations = (
				067D691628BE773300064D81 /* Debug */,
				067D691728BE773300064D81 /* Release */,
			);
			defaultConfigurationIsVisible = 0;
			defaultConfigurationName = Release;
		};
		067D691828BE773300064D81 /* Build configuration list for PBXNativeTarget "Covid19" */ = {
			isa = XCConfigurationList;
			buildConfigurations = (
				067D691928BE773300064D81 /* Debug */,
				067D691A28BE773300064D81 /* Release */,
			);
			defaultConfigurationIsVisible = 0;
			defaultConfigurationName = Release;
		};
/* End XCConfigurationList section */
	};
	rootObject = 067D68FC28BE773200064D81 /* Project object */;
}
